GEM
  remote: https://rubygems.org/
  specs:
    base64 (0.3.0)
    bigdecimal (4.1.2)
    ffi (1.17.4-x86_64-linux-gnu)
    hashids (1.0.6)
    json (2.20.0)
    listen (3.10.0)
      logger
      rb-fsevent (~> 0.10, >= 0.10.3)
      rb-inotify (~> 0.9, >= 0.9.10)
    logger (1.7.0)
    mustermann (3.1.1)
    nio4r (2.7.5)
    openssl (3.2.2)
    pg (1.6.3-x86_64-linux)
    puma (8.0.2)
      nio4r (~> 2.0)
    rack (3.2.6)
    rack-cors (3.0.0)
      logger
      rack (>= 3.0.14)
    rack-protection (4.2.1)
      base64 (>= 0.1.0)
      logger (>= 1.6.0)
      rack (>= 3.0.0, < 4)
    rack-session (2.1.2)
      base64 (>= 0.1.0)
      rack (>= 3.0.0)
    rackup (2.3.1)
      rack (>= 3)
    rb-fsevent (0.11.2)
    rb-inotify (0.11.1)
      ffi (~> 1.0)
    rerun (0.14.0)
      listen (~> 3.0)
    sequel (5.106.0)
      bigdecimal
    sinatra (4.2.1)
      logger (>= 1.6.0)
      mustermann (~> 3.0)
      rack (>= 3.0.0, < 4)
      rack-protection (= 4.2.1)
      rack-session (>= 2.0.0, < 3)
      tilt (~> 2.0)
    tilt (2.8.0)

PLATFORMS
  x86_64-linux-gnu

DEPENDENCIES
  hashids
  json
  openssl
  pg
  puma
  rack-cors
  rackup
  rerun
  sequel
  sinatra

BUNDLED WITH
   2.5.22
